
Microsoft Visual Studio Solution File, Format Version 12.00
# Visual Studio Version 16
VisualStudioVersion = 16.0.29503.13
MinimumVisualStudioVersion = 10.0.40219.1
Project("{9A19103F-16F7-4668-BE54-9A1E7A4F7556}") = "AOC", "AOC\AOC.csproj", "{8129AF6F-9AE2-481C-9E22-6EF7F030D69C}"
EndProject
Project("{9A19103F-16F7-4668-BE54-9A1E7A4F7556}") = "AOCDay3", "AOCDay3\AOCDay3.csproj", "{B4529D79-53FC-4A50-ADDC-0F316013D9E8}"
EndProject
Project("{FAE04EC0-301F-11D3-BF4B-00C04F79EFBC}") = "AOCDay4", "AOCDay4\AOCDay4.csproj", "{A705AEE8-ED64-43BD-BAD7-151800CF06CE}"
EndProject
Global
	GlobalSection(SolutionConfigurationPlatforms) = preSolution
		Debug|Any CPU = Debug|Any CPU
		Release|Any CPU = Release|Any CPU
	EndGlobalSection
	GlobalSection(ProjectConfigurationPlatforms) = postSolution
		{8129AF6F-9AE2-481C-9E22-6EF7F030D69C}.Debug|Any CPU.ActiveCfg = Debug|Any CPU
		{8129AF6F-9AE2-481C-9E22-6EF7F030D69C}.Debug|Any CPU.Build.0 = Debug|Any CPU
		{8129AF6F-9AE2-481C-9E22-6EF7F030D69C}.Release|Any CPU.ActiveCfg = Release|Any CPU
		{8129AF6F-9AE2-481C-9E22-6EF7F030D69C}.Release|Any CPU.Build.0 = Release|Any CPU
		{B4529D79-53FC-4A50-ADDC-0F316013D9E8}.Debug|Any CPU.ActiveCfg = Debug|Any CPU
		{B4529D79-53FC-4A50-ADDC-0F316013D9E8}.Debug|Any CPU.Build.0 = Debug|Any CPU
		{B4529D79-53FC-4A50-ADDC-0F316013D9E8}.Release|Any CPU.ActiveCfg = Release|Any CPU
		{B4529D79-53FC-4A50-ADDC-0F316013D9E8}.Release|Any CPU.Build.0 = Release|Any CPU
		{A705AEE8-ED64-43BD-BAD7-151800CF06CE}.Debug|Any CPU.ActiveCfg = Debug|Any CPU
		{A705AEE8-ED64-43BD-BAD7-151800CF06CE}.Debug|Any CPU.Build.0 = Debug|Any CPU
		{A705AEE8-ED64-43BD-BAD7-151800CF06CE}.Release|Any CPU.ActiveCfg = Release|Any CPU
		{A705AEE8-ED64-43BD-BAD7-151800CF06CE}.Release|Any CPU.Build.0 = Release|Any CPU
	EndGlobalSection
	GlobalSection(SolutionProperties) = preSolution
		HideSolutionNode = FALSE
	EndGlobalSection
	GlobalSection(ExtensibilityGlobals) = postSolution
		SolutionGuid = {24E0413B-ED09-4BEB-8E2B-AB4A8EFDBA66}
	EndGlobalSection
EndGlobal
