
Microsoft Visual Studio Solution File, Format Version 12.00
# Visual Studio Version 16
VisualStudioVersion = 16.0.29503.13
MinimumVisualStudioVersion = 10.0.40219.1
Project("{9A19103F-16F7-4668-BE54-9A1E7A4F7556}") = "AOCDay3", "AOCDay3\AOCDay3.csproj", "{B4529D79-53FC-4A50-ADDC-0F316013D9E8}"
EndProject
Project("{9A19103F-16F7-4668-BE54-9A1E7A4F7556}") = "AOCDay4", "AOCDay4\AOCDay4.csproj", "{A705AEE8-ED64-43BD-BAD7-151800CF06CE}"
EndProject
Project("{9A19103F-16F7-4668-BE54-9A1E7A4F7556}") = "AOCDay5", "AOCDay5\AOCDay5.csproj", "{B9DB2B46-39A8-452E-9E15-446ABBB25388}"
EndProject
Project("{9A19103F-16F7-4668-BE54-9A1E7A4F7556}") = "AOCDay6", "AOCDay6\AOCDay6.csproj", "{233098F6-F8CA-458E-A707-B4D851274AF7}"
EndProject
Project("{9A19103F-16F7-4668-BE54-9A1E7A4F7556}") = "AOCDay9", "AOCDay9\AOCDay9.csproj", "{72874E50-C319-4AF7-A6D8-84E31CA848CE}"
EndProject
Project("{9A19103F-16F7-4668-BE54-9A1E7A4F7556}") = "AOCDay11", "AOCDay11\AOCDay11.csproj", "{3E1301B6-1549-43B2-9B76-200B6802605C}"
EndProject
Project("{9A19103F-16F7-4668-BE54-9A1E7A4F7556}") = "AOCDay12", "AOCDay12\AOCDay12.csproj", "{9CABFAFB-6C49-433F-B63B-C4180815AFBA}"
EndProject
Project("{9A19103F-16F7-4668-BE54-9A1E7A4F7556}") = "AOCDay12.Tests", "AOCDay12.Tests\AOCDay12.Tests.csproj", "{458BA131-09A4-43B5-9EA3-A00B7358B8CC}"
EndProject
Project("{9A19103F-16F7-4668-BE54-9A1E7A4F7556}") = "AOCDay13", "AOCDay13\AOCDay13.csproj", "{41B2CEAA-2582-4D04-ACDB-C0A4EF6BE82B}"
EndProject
Project("{9A19103F-16F7-4668-BE54-9A1E7A4F7556}") = "AOCDay16", "AOCDay16\AOCDay16.csproj", "{3A45EB2D-C657-472B-8B43-52856450B536}"
EndProject
Project("{9A19103F-16F7-4668-BE54-9A1E7A4F7556}") = "AOCDay14", "AOCDay14\AOCDay14.csproj", "{4CCF3144-CA9E-4AF1-BE67-2180BD26BEA3}"
EndProject
Project("{9A19103F-16F7-4668-BE54-9A1E7A4F7556}") = "AOCDay14.Tests", "AOCDay14.Tests\AOCDay14.Tests.csproj", "{CEBCFF55-11BA-480A-89C0-044EC281DBD3}"
EndProject
Project("{9A19103F-16F7-4668-BE54-9A1E7A4F7556}") = "AOCDay15", "AOCDay15\AOCDay15.csproj", "{1587D340-8FF6-48BA-AC86-7CBB9CDD7F29}"
EndProject
Global
	GlobalSection(SolutionConfigurationPlatforms) = preSolution
		Debug|Any CPU = Debug|Any CPU
		Release|Any CPU = Release|Any CPU
	EndGlobalSection
	GlobalSection(ProjectConfigurationPlatforms) = postSolution
		{B4529D79-53FC-4A50-ADDC-0F316013D9E8}.Debug|Any CPU.ActiveCfg = Debug|Any CPU
		{B4529D79-53FC-4A50-ADDC-0F316013D9E8}.Debug|Any CPU.Build.0 = Debug|Any CPU
		{B4529D79-53FC-4A50-ADDC-0F316013D9E8}.Release|Any CPU.ActiveCfg = Release|Any CPU
		{B4529D79-53FC-4A50-ADDC-0F316013D9E8}.Release|Any CPU.Build.0 = Release|Any CPU
		{A705AEE8-ED64-43BD-BAD7-151800CF06CE}.Debug|Any CPU.ActiveCfg = Debug|Any CPU
		{A705AEE8-ED64-43BD-BAD7-151800CF06CE}.Debug|Any CPU.Build.0 = Debug|Any CPU
		{A705AEE8-ED64-43BD-BAD7-151800CF06CE}.Release|Any CPU.ActiveCfg = Release|Any CPU
		{A705AEE8-ED64-43BD-BAD7-151800CF06CE}.Release|Any CPU.Build.0 = Release|Any CPU
		{B9DB2B46-39A8-452E-9E15-446ABBB25388}.Debug|Any CPU.ActiveCfg = Debug|Any CPU
		{B9DB2B46-39A8-452E-9E15-446ABBB25388}.Debug|Any CPU.Build.0 = Debug|Any CPU
		{B9DB2B46-39A8-452E-9E15-446ABBB25388}.Release|Any CPU.ActiveCfg = Release|Any CPU
		{B9DB2B46-39A8-452E-9E15-446ABBB25388}.Release|Any CPU.Build.0 = Release|Any CPU
		{233098F6-F8CA-458E-A707-B4D851274AF7}.Debug|Any CPU.ActiveCfg = Debug|Any CPU
		{233098F6-F8CA-458E-A707-B4D851274AF7}.Debug|Any CPU.Build.0 = Debug|Any CPU
		{233098F6-F8CA-458E-A707-B4D851274AF7}.Release|Any CPU.ActiveCfg = Release|Any CPU
		{233098F6-F8CA-458E-A707-B4D851274AF7}.Release|Any CPU.Build.0 = Release|Any CPU
		{72874E50-C319-4AF7-A6D8-84E31CA848CE}.Debug|Any CPU.ActiveCfg = Debug|Any CPU
		{72874E50-C319-4AF7-A6D8-84E31CA848CE}.Debug|Any CPU.Build.0 = Debug|Any CPU
		{72874E50-C319-4AF7-A6D8-84E31CA848CE}.Release|Any CPU.ActiveCfg = Release|Any CPU
		{72874E50-C319-4AF7-A6D8-84E31CA848CE}.Release|Any CPU.Build.0 = Release|Any CPU
		{3E1301B6-1549-43B2-9B76-200B6802605C}.Debug|Any CPU.ActiveCfg = Debug|Any CPU
		{3E1301B6-1549-43B2-9B76-200B6802605C}.Debug|Any CPU.Build.0 = Debug|Any CPU
		{3E1301B6-1549-43B2-9B76-200B6802605C}.Release|Any CPU.ActiveCfg = Release|Any CPU
		{3E1301B6-1549-43B2-9B76-200B6802605C}.Release|Any CPU.Build.0 = Release|Any CPU
		{9CABFAFB-6C49-433F-B63B-C4180815AFBA}.Debug|Any CPU.ActiveCfg = Debug|Any CPU
		{9CABFAFB-6C49-433F-B63B-C4180815AFBA}.Debug|Any CPU.Build.0 = Debug|Any CPU
		{9CABFAFB-6C49-433F-B63B-C4180815AFBA}.Release|Any CPU.ActiveCfg = Release|Any CPU
		{9CABFAFB-6C49-433F-B63B-C4180815AFBA}.Release|Any CPU.Build.0 = Release|Any CPU
		{458BA131-09A4-43B5-9EA3-A00B7358B8CC}.Debug|Any CPU.ActiveCfg = Debug|Any CPU
		{458BA131-09A4-43B5-9EA3-A00B7358B8CC}.Debug|Any CPU.Build.0 = Debug|Any CPU
		{458BA131-09A4-43B5-9EA3-A00B7358B8CC}.Release|Any CPU.ActiveCfg = Release|Any CPU
		{458BA131-09A4-43B5-9EA3-A00B7358B8CC}.Release|Any CPU.Build.0 = Release|Any CPU
		{41B2CEAA-2582-4D04-ACDB-C0A4EF6BE82B}.Debug|Any CPU.ActiveCfg = Debug|Any CPU
		{41B2CEAA-2582-4D04-ACDB-C0A4EF6BE82B}.Debug|Any CPU.Build.0 = Debug|Any CPU
		{41B2CEAA-2582-4D04-ACDB-C0A4EF6BE82B}.Release|Any CPU.ActiveCfg = Release|Any CPU
		{41B2CEAA-2582-4D04-ACDB-C0A4EF6BE82B}.Release|Any CPU.Build.0 = Release|Any CPU
		{3A45EB2D-C657-472B-8B43-52856450B536}.Debug|Any CPU.ActiveCfg = Debug|Any CPU
		{3A45EB2D-C657-472B-8B43-52856450B536}.Debug|Any CPU.Build.0 = Debug|Any CPU
		{3A45EB2D-C657-472B-8B43-52856450B536}.Release|Any CPU.ActiveCfg = Release|Any CPU
		{3A45EB2D-C657-472B-8B43-52856450B536}.Release|Any CPU.Build.0 = Release|Any CPU
		{9A12209E-2DC3-4D51-BD1F-3390A8BFD23D}.Debug|Any CPU.ActiveCfg = Debug|Any CPU
		{9A12209E-2DC3-4D51-BD1F-3390A8BFD23D}.Debug|Any CPU.Build.0 = Debug|Any CPU
		{9A12209E-2DC3-4D51-BD1F-3390A8BFD23D}.Release|Any CPU.ActiveCfg = Release|Any CPU
		{9A12209E-2DC3-4D51-BD1F-3390A8BFD23D}.Release|Any CPU.Build.0 = Release|Any CPU
		{C4F775A3-AEE5-456A-A549-56652498F2A1}.Debug|Any CPU.ActiveCfg = Debug|Any CPU
		{C4F775A3-AEE5-456A-A549-56652498F2A1}.Debug|Any CPU.Build.0 = Debug|Any CPU
		{C4F775A3-AEE5-456A-A549-56652498F2A1}.Release|Any CPU.ActiveCfg = Release|Any CPU
		{C4F775A3-AEE5-456A-A549-56652498F2A1}.Release|Any CPU.Build.0 = Release|Any CPU
		{4CCF3144-CA9E-4AF1-BE67-2180BD26BEA3}.Debug|Any CPU.ActiveCfg = Debug|Any CPU
		{4CCF3144-CA9E-4AF1-BE67-2180BD26BEA3}.Debug|Any CPU.Build.0 = Debug|Any CPU
		{4CCF3144-CA9E-4AF1-BE67-2180BD26BEA3}.Release|Any CPU.ActiveCfg = Release|Any CPU
		{4CCF3144-CA9E-4AF1-BE67-2180BD26BEA3}.Release|Any CPU.Build.0 = Release|Any CPU
		{CEBCFF55-11BA-480A-89C0-044EC281DBD3}.Debug|Any CPU.ActiveCfg = Debug|Any CPU
		{CEBCFF55-11BA-480A-89C0-044EC281DBD3}.Debug|Any CPU.Build.0 = Debug|Any CPU
		{CEBCFF55-11BA-480A-89C0-044EC281DBD3}.Release|Any CPU.ActiveCfg = Release|Any CPU
		{CEBCFF55-11BA-480A-89C0-044EC281DBD3}.Release|Any CPU.Build.0 = Release|Any CPU
		{1587D340-8FF6-48BA-AC86-7CBB9CDD7F29}.Debug|Any CPU.ActiveCfg = Debug|Any CPU
		{1587D340-8FF6-48BA-AC86-7CBB9CDD7F29}.Debug|Any CPU.Build.0 = Debug|Any CPU
		{1587D340-8FF6-48BA-AC86-7CBB9CDD7F29}.Release|Any CPU.ActiveCfg = Release|Any CPU
		{1587D340-8FF6-48BA-AC86-7CBB9CDD7F29}.Release|Any CPU.Build.0 = Release|Any CPU
	EndGlobalSection
	GlobalSection(SolutionProperties) = preSolution
		HideSolutionNode = FALSE
	EndGlobalSection
	GlobalSection(ExtensibilityGlobals) = postSolution
		SolutionGuid = {24E0413B-ED09-4BEB-8E2B-AB4A8EFDBA66}
	EndGlobalSection
EndGlobal
